{
  "version": 4,
  "terraform_version": "1.9.8",
  "serial": 26,
  "lineage": "c185b4ff-ded2-a06a-efdd-619357773873",
  "outputs": {
    "private_subnet_ids": {
      "value": "projects/projeto-arquiteto-441104/regions/us-central1/subnetworks/vpc-arquiteto-estadao-private-subnet",
      "type": "string"
    },
    "public_subnet_ids": {
      "value": "projects/projeto-arquiteto-441104/regions/us-central1/subnetworks/vpc-arquiteto-estadao-public-subnet",
      "type": "string"
    },
    "service_account_email": {
      "value": "auto-generated-account-id@projeto-arquiteto-441104.iam.gserviceaccount.com",
      "type": "string"
    },
    "service_account_id": {
      "value": "117876443447203341018",
      "type": "string"
    },
    "vpc_id": {
      "value": "projects/projeto-arquiteto-441104/global/networks/vpc-arquiteto-estadao",
      "type": "string"
    },
    "vpc_name": {
      "value": "vpc-arquiteto-estadao",
      "type": "string"
    }
  },
  "resources": [
    {
      "module": "module.iam",
      "mode": "managed",
      "type": "google_project_iam_member",
      "name": "service_account_binding",
      "provider": "provider[\"registry.terraform.io/hashicorp/google\"]",
      "instances": [
        {
          "index_key": "roles/storage.objectViewer",
          "schema_version": 0,
          "attributes": {
            "condition": [],
            "etag": "BwYmkusvwg4=",
            "id": "projeto-arquiteto-441104/roles/storage.objectViewer/serviceAccount:auto-generated-account-id@projeto-arquiteto-441104.iam.gserviceaccount.com",
            "member": "serviceAccount:auto-generated-account-id@projeto-arquiteto-441104.iam.gserviceaccount.com",
            "project": "projeto-arquiteto-441104",
            "role": "roles/storage.objectViewer"
          },
          "sensitive_attributes": [],
          "private": "bnVsbA==",
          "dependencies": [
            "module.iam.google_service_account.service_account"
          ]
        },
        {
          "index_key": "roles/viewer",
          "schema_version": 0,
          "attributes": {
            "condition": [],
            "etag": "BwYmkusvwg4=",
            "id": "projeto-arquiteto-441104/roles/viewer/serviceAccount:auto-generated-account-id@projeto-arquiteto-441104.iam.gserviceaccount.com",
            "member": "serviceAccount:auto-generated-account-id@projeto-arquiteto-441104.iam.gserviceaccount.com",
            "project": "projeto-arquiteto-441104",
            "role": "roles/viewer"
          },
          "sensitive_attributes": [],
          "private": "bnVsbA==",
          "dependencies": [
            "module.iam.google_service_account.service_account"
          ]
        }
      ]
    },
    {
      "module": "module.iam",
      "mode": "managed",
      "type": "google_service_account",
      "name": "service_account",
      "provider": "provider[\"registry.terraform.io/hashicorp/google\"]",
      "instances": [
        {
          "schema_version": 0,
          "attributes": {
            "account_id": "auto-generated-account-id",
            "create_ignore_already_exists": null,
            "description": "",
            "disabled": false,
            "display_name": "auto-generated-account-display-name",
            "email": "auto-generated-account-id@projeto-arquiteto-441104.iam.gserviceaccount.com",
            "id": "projects/projeto-arquiteto-441104/serviceAccounts/auto-generated-account-id@projeto-arquiteto-441104.iam.gserviceaccount.com",
            "member": "serviceAccount:auto-generated-account-id@projeto-arquiteto-441104.iam.gserviceaccount.com",
            "name": "projects/projeto-arquiteto-441104/serviceAccounts/auto-generated-account-id@projeto-arquiteto-441104.iam.gserviceaccount.com",
            "project": "projeto-arquiteto-441104",
            "timeouts": null,
            "unique_id": "117876443447203341018"
          },
          "sensitive_attributes": [],
          "private": "eyJlMmJmYjczMC1lY2FhLTExZTYtOGY4OC0zNDM2M2JjN2M0YzAiOnsiY3JlYXRlIjozMDAwMDAwMDAwMDB9fQ=="
        }
      ]
    },
    {
      "module": "module.iam",
      "mode": "managed",
      "type": "google_service_account_key",
      "name": "service_account_key",
      "provider": "provider[\"registry.terraform.io/hashicorp/google\"]",
      "instances": [
        {
          "schema_version": 0,
          "attributes": {
            "id": "projects/projeto-arquiteto-441104/serviceAccounts/auto-generated-account-id@projeto-arquiteto-441104.iam.gserviceaccount.com/keys/c251f944756efd420aca40efe7d8fa48c027e190",
            "keepers": null,
            "key_algorithm": "KEY_ALG_RSA_2048",
            "name": "projects/projeto-arquiteto-441104/serviceAccounts/auto-generated-account-id@projeto-arquiteto-441104.iam.gserviceaccount.com/keys/c251f944756efd420aca40efe7d8fa48c027e190",
            "private_key": "ewogICJ0eXBlIjogInNlcnZpY2VfYWNjb3VudCIsCiAgInByb2plY3RfaWQiOiAicHJvamV0by1hcnF1aXRldG8tNDQxMTA0IiwKICAicHJpdmF0ZV9rZXlfaWQiOiAiYzI1MWY5NDQ3NTZlZmQ0MjBhY2E0MGVmZTdkOGZhNDhjMDI3ZTE5MCIsCiAgInByaXZhdGVfa2V5IjogIi0tLS0tQkVHSU4gUFJJVkFURSBLRVktLS0tLVxuTUlJRXZRSUJBREFOQmdrcWhraUc5dzBCQVFFRkFBU0NCS2N3Z2dTakFnRUFBb0lCQVFETVExVVVCS3UvZUUvbVxuelhsSjBPNFBFZnRnSytBdEVxWCtRbC9paEMvYVFFUkUwV3QwWlRzY3R2ZDlKblBKSW8yNlF6bnhXd1JKRmVROVxuZXpoZGlmRllhWk5LR2lzaFhPWC9IZHd1R1o1eFRvK0dnam5iNE9lcTQvL0lXbTNqSDlnaDBpRWlIcnJuTFJDaFxuTnllNGhFTUozQjNCVDNVK1VTWXByWWRldHFWQ1pmUUFiM0tDTTJ1OVhQTnE5d0F1cThnbkVycmRHaDBEZEZFZ1xuc3p5Z1djR1JydFNFZzROVzZ0Z1l6Mm91QWJYWXp6WEVuQW03UWM2QzRWY2dUYUlycDlJc2lONEEySG9vVEFtWVxuTTR5YXhreTA2UkJHQlJLbkwwc1BRZm05WmRVYi9JeGZDem5veHNZek9GaFFsZFBjUXhnaVFOTlZ3QXplcjlUclxuRXkrMlZwZ3JBZ01CQUFFQ2dnRUFTYmROQjNYdUU2SVVWK3UwaDNhK3l6S0dvVDBFWU0vWGx3eVdOUlhXZlRIdlxuVVZTd3JtZHdMMXM2c3ZCREhnWDUxd3cyNTRzYzMxRm10dWQydm84dlNlU0VFdHloeng4TEpBZy9NMlhzZitERlxudkZuWURxbTZnYnBaejVFUEVrWW1Sb0ppa2NFOFczeXdnVFg2QUVXL09kbzE1Tk5Mc1NzeEZoNTVlYTE1czUyWlxubjFOZkxxYWxYT0NOZS9WK1NjR2ZyVU0zQ0l3RFcwTThRanhaYWdVY1h0WkhZK2w0MVZpT3VFcjFuMHg0TVZDelxua01iZy9lY3N0c2NXdWFhNmh2RnlmT3dDQ1kzM0VLVDBPQnNnQ2xCRjIzN09FN1R1ZURQa3N5Ky9WRDZPN29QT1xuenNsUzhQRkNYbTN2MDhmTm1YU0h1NjdkMVdyVWlpNEJ5eWhzR2tONHNRS0JnUURvalprMHlsR1RGcmxCN1d5VVxuZk5BbVlna0NoN0JCakFJZ01TYWRTVTBaZU1sZ0xlM0trQXJCNVdrMFhZbkE5ZWpiWDdXMVFEUVVVUTBvYnBXdFxudzgrVSt5T1hrdmU4OUdrMWxpUHN1Z3dpY2pVNkZYeld0andrVXdHVkx2M3ZUZTdMejJtM0dPcElpQXN5VitKdVxuYzNULzJPd2djQktrZE80MFc4Sk51dS9lZXdLQmdRRGcyNHFWRm90QUFleFZacXVRNWlTNGVWSXI3MC9PTEFPRVxuWmc3dk5JUUY2ZGFLeWtzTkJyTUQrdi90Qlc4ZEZUNGRNNm1tRHBDQ3IyTXludVFaQ1h6M3Y2WGZTY1pqRy9uYVxuR0ljUVlhaEpwRERueEhINmVpamdZU29DU1dlMDA0Ums2aU51dFk2a2VibHU3VjNtWWluSmR3Y3NRd1UzZW5xS1xudTFXTGhPcldFUUtCZ1FDZ0pxdkV0RFE3ZEtHK2FsQ2xiZE0zSzdxQ3VJbEVpclFJRVhGRFRuQy9RdlNEdlAyT1xueTJYdEpCMHdoOTVQT2NyVUVQU2xUd0xPbndiTnVtSndHWEtDYWZXWDlBbVNZa3QyTU9DcXJYR2Y0MEVPc0MrWlxuK2tRdXk4OUNPdXQ3K3hLaDMwUXhhUUluVXpGS3lVVlJ4VWRrenJIR29RZmxvL1ZMcjRsL1dHYktzd0tCZ0RsUVxubkoxdDlxYWxGdG1aNXdkek1rNzNWYk92TjFkbExxeFQyMkNyc1M5VXNJUUdGbVZHbk9EWjNOeE1zMHJsZkVTelxuUTMzNVhtcUJURGE5KzRSS1A5bGl0MlFZQ1FLQVFncU9qL2JqL2FKdndLdUREazU3VHVvS3VrdUU3SE5TS3dBU1xuRW1BSTFVZ2xZdGZjbHorL0s4bVhsbk40emQ2YlVKc0dMMEwxNldvUkFvR0FjSVRsbnlKRlIyTUVLeFNSbjBRYlxuczNYQjZlVHZ1bldlOXpGVWl2cURndDJMa2RUQkxraDNRWWZkalNCVnhDVm9kdjc2azJwVjFhVVBIQVBSL283dFxuRkU2S2tSOHhqNTZ0dHZoSGlBMW13NnBzaXl2MHlnMko3NUplUHRFc09kWnhuTjJXTzdqbk90UHdwTCs5cHEzUVxuMzdNY3l4TGdEYTlIOXJFcExkbElkMGc9XG4tLS0tLUVORCBQUklWQVRFIEtFWS0tLS0tXG4iLAogICJjbGllbnRfZW1haWwiOiAiYXV0by1nZW5lcmF0ZWQtYWNjb3VudC1pZEBwcm9qZXRvLWFycXVpdGV0by00NDExMDQuaWFtLmdzZXJ2aWNlYWNjb3VudC5jb20iLAogICJjbGllbnRfaWQiOiAiMTE3ODc2NDQzNDQ3MjAzMzQxMDE4IiwKICAiYXV0aF91cmkiOiAiaHR0cHM6Ly9hY2NvdW50cy5nb29nbGUuY29tL28vb2F1dGgyL2F1dGgiLAogICJ0b2tlbl91cmkiOiAiaHR0cHM6Ly9vYXV0aDIuZ29vZ2xlYXBpcy5jb20vdG9rZW4iLAogICJhdXRoX3Byb3ZpZGVyX3g1MDlfY2VydF91cmwiOiAiaHR0cHM6Ly93d3cuZ29vZ2xlYXBpcy5jb20vb2F1dGgyL3YxL2NlcnRzIiwKICAiY2xpZW50X3g1MDlfY2VydF91cmwiOiAiaHR0cHM6Ly93d3cuZ29vZ2xlYXBpcy5jb20vcm9ib3QvdjEvbWV0YWRhdGEveDUwOS9hdXRvLWdlbmVyYXRlZC1hY2NvdW50LWlkJTQwcHJvamV0by1hcnF1aXRldG8tNDQxMTA0LmlhbS5nc2VydmljZWFjY291bnQuY29tIiwKICAidW5pdmVyc2VfZG9tYWluIjogImdvb2dsZWFwaXMuY29tIgp9Cg==",
            "private_key_type": "TYPE_GOOGLE_CREDENTIALS_FILE",
            "public_key": "LS0tLS1CRUdJTiBDRVJUSUZJQ0FURS0tLS0tCk1JSUMvRENDQWVTZ0F3SUJBZ0lJTEFHaG11SDU3cE13RFFZSktvWklodmNOQVFFRkJRQXdJREVlTUJ3R0ExVUUKQXd3Vk1URTNPRGMyTkRRek5EUTNNakF6TXpReE1ERTRNQ0FYRFRJME1URXhNREU0TVRFME9Gb1lEems1T1RreApNak14TWpNMU9UVTVXakFnTVI0d0hBWURWUVFEREJVeE1UYzROelkwTkRNME5EY3lNRE16TkRFd01UZ3dnZ0VpCk1BMEdDU3FHU0liM0RRRUJBUVVBQTRJQkR3QXdnZ0VLQW9JQkFRRE1RMVVVQkt1L2VFL216WGxKME80UEVmdGcKSytBdEVxWCtRbC9paEMvYVFFUkUwV3QwWlRzY3R2ZDlKblBKSW8yNlF6bnhXd1JKRmVROWV6aGRpZkZZYVpOSwpHaXNoWE9YL0hkd3VHWjV4VG8rR2dqbmI0T2VxNC8vSVdtM2pIOWdoMGlFaUhycm5MUkNoTnllNGhFTUozQjNCClQzVStVU1lwcllkZXRxVkNaZlFBYjNLQ00ydTlYUE5xOXdBdXE4Z25FcnJkR2gwRGRGRWdzenlnV2NHUnJ0U0UKZzROVzZ0Z1l6Mm91QWJYWXp6WEVuQW03UWM2QzRWY2dUYUlycDlJc2lONEEySG9vVEFtWU00eWF4a3kwNlJCRwpCUktuTDBzUFFmbTlaZFViL0l4ZkN6bm94c1l6T0ZoUWxkUGNReGdpUU5OVndBemVyOVRyRXkrMlZwZ3JBZ01CCkFBR2pPREEyTUF3R0ExVWRFd0VCL3dRQ01BQXdEZ1lEVlIwUEFRSC9CQVFEQWdlQU1CWUdBMVVkSlFFQi93UU0KTUFvR0NDc0dBUVVGQndNQ01BMEdDU3FHU0liM0RRRUJCUVVBQTRJQkFRQ3Zvb0pMWndLOTFhR1U4UEVXVmVTZwoxY2xmc3ViY3pwUUh3ajhaeXB0U0kzYWV6RkFyaTVHbU1EdzFTVitVTHliSDJ1aFZWQmFxaFdsNXhvbkNMSzkvCmRUcWtKamtTbUFnNVVNKzlJV0NqM3NhbnVjMUliVitkT1JWN1o5K2dFUGd3QXNDbVgrTWo4Zk5XWm9MQWNibTIKRUtsSUowTjJ3eTdacXZyTXZRenFSZXJhYTVRUXl1UWtuOUVURlFOZ1dxUFhkSFBDOCswVy9vVnYzVGZyWmZ3dQpCOForUmNrckNnc2R2cDFBZktydHRudGg4a0xzelFiTm4xZlVlc3VyWElreHlEeVF2KytESS9CengxVGJya0ZYCjV0d1RUZTFPRlFnUWZTV25ab0JQOXd3Wm41ejBsa1R5TVJ5MzQ5dnJZZndUd3l6c0c1QlRwNVZyNU1GRW00WVoKLS0tLS1FTkQgQ0VSVElGSUNBVEUtLS0tLQo=",
            "public_key_data": null,
            "public_key_type": "TYPE_X509_PEM_FILE",
            "service_account_id": "auto-generated-account-id@projeto-arquiteto-441104.iam.gserviceaccount.com",
            "valid_after": "2024-11-10T18:11:48Z",
            "valid_before": "9999-12-31T23:59:59Z"
          },
          "sensitive_attributes": [
            [
              {
                "type": "get_attr",
                "value": "private_key"
              }
            ]
          ],
          "private": "bnVsbA==",
          "dependencies": [
            "module.iam.google_service_account.service_account"
          ]
        }
      ]
    },
    {
      "module": "module.iam",
      "mode": "managed",
      "type": "local_file",
      "name": "service_account_key_file",
      "provider": "provider[\"registry.terraform.io/hashicorp/local\"]",
      "instances": [
        {
          "schema_version": 0,
          "attributes": {
            "content": "ewogICJ0eXBlIjogInNlcnZpY2VfYWNjb3VudCIsCiAgInByb2plY3RfaWQiOiAicHJvamV0by1hcnF1aXRldG8tNDQxMTA0IiwKICAicHJpdmF0ZV9rZXlfaWQiOiAiYzI1MWY5NDQ3NTZlZmQ0MjBhY2E0MGVmZTdkOGZhNDhjMDI3ZTE5MCIsCiAgInByaXZhdGVfa2V5IjogIi0tLS0tQkVHSU4gUFJJVkFURSBLRVktLS0tLVxuTUlJRXZRSUJBREFOQmdrcWhraUc5dzBCQVFFRkFBU0NCS2N3Z2dTakFnRUFBb0lCQVFETVExVVVCS3UvZUUvbVxuelhsSjBPNFBFZnRnSytBdEVxWCtRbC9paEMvYVFFUkUwV3QwWlRzY3R2ZDlKblBKSW8yNlF6bnhXd1JKRmVROVxuZXpoZGlmRllhWk5LR2lzaFhPWC9IZHd1R1o1eFRvK0dnam5iNE9lcTQvL0lXbTNqSDlnaDBpRWlIcnJuTFJDaFxuTnllNGhFTUozQjNCVDNVK1VTWXByWWRldHFWQ1pmUUFiM0tDTTJ1OVhQTnE5d0F1cThnbkVycmRHaDBEZEZFZ1xuc3p5Z1djR1JydFNFZzROVzZ0Z1l6Mm91QWJYWXp6WEVuQW03UWM2QzRWY2dUYUlycDlJc2lONEEySG9vVEFtWVxuTTR5YXhreTA2UkJHQlJLbkwwc1BRZm05WmRVYi9JeGZDem5veHNZek9GaFFsZFBjUXhnaVFOTlZ3QXplcjlUclxuRXkrMlZwZ3JBZ01CQUFFQ2dnRUFTYmROQjNYdUU2SVVWK3UwaDNhK3l6S0dvVDBFWU0vWGx3eVdOUlhXZlRIdlxuVVZTd3JtZHdMMXM2c3ZCREhnWDUxd3cyNTRzYzMxRm10dWQydm84dlNlU0VFdHloeng4TEpBZy9NMlhzZitERlxudkZuWURxbTZnYnBaejVFUEVrWW1Sb0ppa2NFOFczeXdnVFg2QUVXL09kbzE1Tk5Mc1NzeEZoNTVlYTE1czUyWlxubjFOZkxxYWxYT0NOZS9WK1NjR2ZyVU0zQ0l3RFcwTThRanhaYWdVY1h0WkhZK2w0MVZpT3VFcjFuMHg0TVZDelxua01iZy9lY3N0c2NXdWFhNmh2RnlmT3dDQ1kzM0VLVDBPQnNnQ2xCRjIzN09FN1R1ZURQa3N5Ky9WRDZPN29QT1xuenNsUzhQRkNYbTN2MDhmTm1YU0h1NjdkMVdyVWlpNEJ5eWhzR2tONHNRS0JnUURvalprMHlsR1RGcmxCN1d5VVxuZk5BbVlna0NoN0JCakFJZ01TYWRTVTBaZU1sZ0xlM0trQXJCNVdrMFhZbkE5ZWpiWDdXMVFEUVVVUTBvYnBXdFxudzgrVSt5T1hrdmU4OUdrMWxpUHN1Z3dpY2pVNkZYeld0andrVXdHVkx2M3ZUZTdMejJtM0dPcElpQXN5VitKdVxuYzNULzJPd2djQktrZE80MFc4Sk51dS9lZXdLQmdRRGcyNHFWRm90QUFleFZacXVRNWlTNGVWSXI3MC9PTEFPRVxuWmc3dk5JUUY2ZGFLeWtzTkJyTUQrdi90Qlc4ZEZUNGRNNm1tRHBDQ3IyTXludVFaQ1h6M3Y2WGZTY1pqRy9uYVxuR0ljUVlhaEpwRERueEhINmVpamdZU29DU1dlMDA0Ums2aU51dFk2a2VibHU3VjNtWWluSmR3Y3NRd1UzZW5xS1xudTFXTGhPcldFUUtCZ1FDZ0pxdkV0RFE3ZEtHK2FsQ2xiZE0zSzdxQ3VJbEVpclFJRVhGRFRuQy9RdlNEdlAyT1xueTJYdEpCMHdoOTVQT2NyVUVQU2xUd0xPbndiTnVtSndHWEtDYWZXWDlBbVNZa3QyTU9DcXJYR2Y0MEVPc0MrWlxuK2tRdXk4OUNPdXQ3K3hLaDMwUXhhUUluVXpGS3lVVlJ4VWRrenJIR29RZmxvL1ZMcjRsL1dHYktzd0tCZ0RsUVxubkoxdDlxYWxGdG1aNXdkek1rNzNWYk92TjFkbExxeFQyMkNyc1M5VXNJUUdGbVZHbk9EWjNOeE1zMHJsZkVTelxuUTMzNVhtcUJURGE5KzRSS1A5bGl0MlFZQ1FLQVFncU9qL2JqL2FKdndLdUREazU3VHVvS3VrdUU3SE5TS3dBU1xuRW1BSTFVZ2xZdGZjbHorL0s4bVhsbk40emQ2YlVKc0dMMEwxNldvUkFvR0FjSVRsbnlKRlIyTUVLeFNSbjBRYlxuczNYQjZlVHZ1bldlOXpGVWl2cURndDJMa2RUQkxraDNRWWZkalNCVnhDVm9kdjc2azJwVjFhVVBIQVBSL283dFxuRkU2S2tSOHhqNTZ0dHZoSGlBMW13NnBzaXl2MHlnMko3NUplUHRFc09kWnhuTjJXTzdqbk90UHdwTCs5cHEzUVxuMzdNY3l4TGdEYTlIOXJFcExkbElkMGc9XG4tLS0tLUVORCBQUklWQVRFIEtFWS0tLS0tXG4iLAogICJjbGllbnRfZW1haWwiOiAiYXV0by1nZW5lcmF0ZWQtYWNjb3VudC1pZEBwcm9qZXRvLWFycXVpdGV0by00NDExMDQuaWFtLmdzZXJ2aWNlYWNjb3VudC5jb20iLAogICJjbGllbnRfaWQiOiAiMTE3ODc2NDQzNDQ3MjAzMzQxMDE4IiwKICAiYXV0aF91cmkiOiAiaHR0cHM6Ly9hY2NvdW50cy5nb29nbGUuY29tL28vb2F1dGgyL2F1dGgiLAogICJ0b2tlbl91cmkiOiAiaHR0cHM6Ly9vYXV0aDIuZ29vZ2xlYXBpcy5jb20vdG9rZW4iLAogICJhdXRoX3Byb3ZpZGVyX3g1MDlfY2VydF91cmwiOiAiaHR0cHM6Ly93d3cuZ29vZ2xlYXBpcy5jb20vb2F1dGgyL3YxL2NlcnRzIiwKICAiY2xpZW50X3g1MDlfY2VydF91cmwiOiAiaHR0cHM6Ly93d3cuZ29vZ2xlYXBpcy5jb20vcm9ib3QvdjEvbWV0YWRhdGEveDUwOS9hdXRvLWdlbmVyYXRlZC1hY2NvdW50LWlkJTQwcHJvamV0by1hcnF1aXRldG8tNDQxMTA0LmlhbS5nc2VydmljZWFjY291bnQuY29tIiwKICAidW5pdmVyc2VfZG9tYWluIjogImdvb2dsZWFwaXMuY29tIgp9Cg==",
            "content_base64": null,
            "content_base64sha256": "dYBvERJ1VbWHkhLmo/ZVlzhoQHyWW85WH1fooeKn6Oc=",
            "content_base64sha512": "C+Urh1gohdlvuORJwIGa034eOqYvU8OVvFj7ZmBi6I+D76iYwdrjiUuTFgcvNbJP8FZ8hhC6YdTpVZmCGud7og==",
            "content_md5": "018d7bd3b61078878e33eee71732858a",
            "content_sha1": "6e3f590bb07088e9ee811fc3a57b9ef680d0de3a",
            "content_sha256": "75806f11127555b5879212e6a3f655973868407c965bce561f57e8a1e2a7e8e7",
            "content_sha512": "0be52b87582885d96fb8e449c0819ad37e1e3aa62f53c395bc58fb666062e88f83efa898c1dae3894b9316072f35b24ff0567c8610ba61d4e95599821ae77ba2",
            "directory_permission": "0777",
            "file_permission": "0777",
            "filename": "service_account_key-auto-generated-account-name.json",
            "id": "6e3f590bb07088e9ee811fc3a57b9ef680d0de3a",
            "sensitive_content": null,
            "source": null
          },
          "sensitive_attributes": [
            [
              {
                "type": "get_attr",
                "value": "sensitive_content"
              }
            ],
            [
              {
                "type": "get_attr",
                "value": "content"
              }
            ]
          ],
          "dependencies": [
            "module.iam.google_service_account.service_account",
            "module.iam.google_service_account_key.service_account_key"
          ]
        }
      ]
    },
    {
      "module": "module.vpc",
      "mode": "managed",
      "type": "google_compute_network",
      "name": "vpc",
      "provider": "provider[\"registry.terraform.io/hashicorp/google\"]",
      "instances": [
        {
          "schema_version": 0,
          "attributes": {
            "auto_create_subnetworks": true,
            "delete_default_routes_on_create": false,
            "description": "",
            "enable_ula_internal_ipv6": false,
            "gateway_ipv4": "",
            "id": "projects/projeto-arquiteto-441104/global/networks/vpc-arquiteto-estadao",
            "internal_ipv6_range": "",
            "mtu": 0,
            "name": "vpc-arquiteto-estadao",
            "network_firewall_policy_enforcement_order": "AFTER_CLASSIC_FIREWALL",
            "numeric_id": "17044417619511734",
            "project": "projeto-arquiteto-441104",
            "routing_mode": "REGIONAL",
            "self_link": "https://www.googleapis.com/compute/v1/projects/projeto-arquiteto-441104/global/networks/vpc-arquiteto-estadao",
            "timeouts": null
          },
          "sensitive_attributes": [],
          "private": "eyJlMmJmYjczMC1lY2FhLTExZTYtOGY4OC0zNDM2M2JjN2M0YzAiOnsiY3JlYXRlIjoxMjAwMDAwMDAwMDAwLCJkZWxldGUiOjEyMDAwMDAwMDAwMDAsInVwZGF0ZSI6MTIwMDAwMDAwMDAwMH19"
        }
      ]
    },
    {
      "module": "module.vpc",
      "mode": "managed",
      "type": "google_compute_subnetwork",
      "name": "private_subnet",
      "provider": "provider[\"registry.terraform.io/hashicorp/google\"]",
      "instances": [
        {
          "schema_version": 0,
          "attributes": {
            "creation_timestamp": "2024-11-10T10:12:24.829-08:00",
            "description": "",
            "external_ipv6_prefix": "",
            "fingerprint": null,
            "gateway_address": "10.1.0.1",
            "id": "projects/projeto-arquiteto-441104/regions/us-central1/subnetworks/vpc-arquiteto-estadao-private-subnet",
            "internal_ipv6_prefix": "",
            "ip_cidr_range": "10.1.0.0/24",
            "ipv6_access_type": "",
            "ipv6_cidr_range": "",
            "log_config": [],
            "name": "vpc-arquiteto-estadao-private-subnet",
            "network": "https://www.googleapis.com/compute/v1/projects/projeto-arquiteto-441104/global/networks/vpc-arquiteto-estadao",
            "private_ip_google_access": false,
            "private_ipv6_google_access": "DISABLE_GOOGLE_ACCESS",
            "project": "projeto-arquiteto-441104",
            "purpose": "PRIVATE",
            "region": "us-central1",
            "reserved_internal_range": "",
            "role": "",
            "secondary_ip_range": [],
            "self_link": "https://www.googleapis.com/compute/v1/projects/projeto-arquiteto-441104/regions/us-central1/subnetworks/vpc-arquiteto-estadao-private-subnet",
            "send_secondary_ip_range_if_empty": null,
            "stack_type": "IPV4_ONLY",
            "timeouts": null
          },
          "sensitive_attributes": [],
          "private": "eyJlMmJmYjczMC1lY2FhLTExZTYtOGY4OC0zNDM2M2JjN2M0YzAiOnsiY3JlYXRlIjoxMjAwMDAwMDAwMDAwLCJkZWxldGUiOjEyMDAwMDAwMDAwMDAsInVwZGF0ZSI6MTIwMDAwMDAwMDAwMH19",
          "dependencies": [
            "module.vpc.google_compute_network.vpc"
          ]
        }
      ]
    },
    {
      "module": "module.vpc",
      "mode": "managed",
      "type": "google_compute_subnetwork",
      "name": "public_subnet",
      "provider": "provider[\"registry.terraform.io/hashicorp/google\"]",
      "instances": [
        {
          "schema_version": 0,
          "attributes": {
            "creation_timestamp": "2024-11-10T10:12:24.731-08:00",
            "description": "",
            "external_ipv6_prefix": "",
            "fingerprint": null,
            "gateway_address": "10.0.0.1",
            "id": "projects/projeto-arquiteto-441104/regions/us-central1/subnetworks/vpc-arquiteto-estadao-public-subnet",
            "internal_ipv6_prefix": "",
            "ip_cidr_range": "10.0.0.0/24",
            "ipv6_access_type": "",
            "ipv6_cidr_range": "",
            "log_config": [],
            "name": "vpc-arquiteto-estadao-public-subnet",
            "network": "https://www.googleapis.com/compute/v1/projects/projeto-arquiteto-441104/global/networks/vpc-arquiteto-estadao",
            "private_ip_google_access": false,
            "private_ipv6_google_access": "DISABLE_GOOGLE_ACCESS",
            "project": "projeto-arquiteto-441104",
            "purpose": "PRIVATE",
            "region": "us-central1",
            "reserved_internal_range": "",
            "role": "",
            "secondary_ip_range": [],
            "self_link": "https://www.googleapis.com/compute/v1/projects/projeto-arquiteto-441104/regions/us-central1/subnetworks/vpc-arquiteto-estadao-public-subnet",
            "send_secondary_ip_range_if_empty": null,
            "stack_type": "IPV4_ONLY",
            "timeouts": null
          },
          "sensitive_attributes": [],
          "private": "eyJlMmJmYjczMC1lY2FhLTExZTYtOGY4OC0zNDM2M2JjN2M0YzAiOnsiY3JlYXRlIjoxMjAwMDAwMDAwMDAwLCJkZWxldGUiOjEyMDAwMDAwMDAwMDAsInVwZGF0ZSI6MTIwMDAwMDAwMDAwMH19",
          "dependencies": [
            "module.vpc.google_compute_network.vpc"
          ]
        }
      ]
    }
  ],
  "check_results": null
}
